{
    "name": "service1",
    "version": "1.0.1",
    "lockfileVersion": 2,
    "requires": true,
    "packages": {
        "": {
            "version": "1.0.1",
            "dev": true,
            "requires": {
                "private-lib1": "^1.0.5"
            }
        },
        "node_modules/private-lib1": {
            "version": "1.0.0",
            "resolved": "https://my-private-registry/private-lib1-1.0.0.tgz"
        },
        "node_modules/some-npm-lib-to-ignore": {
            "version": "1.0.0",
            "resolved": "https://registry.npmjs.org/some-npm-lib-to-ignore-1.0.0.tgz"
        }
    }
}