{
  "name": "service2",
  "version": "1.0.2",
  "lockfileVersion": 1,
  "requires": true,
  "dependencies": {
    "private-lib1": {
      "version": "2.45.0",
      "resolved": "https://my-private-registry.com/private-lib1/-/private-lib1-2.45.0.tgz",
      "integrity": "sha512-somehashvaluehere=="
    },
    "private-lib2": {
      "version": "1.0.0",
      "resolved": "https://my-private-registry.com/private-lib1/-/private-lib1-2.0.0.tgz",
      "integrity": "sha512-somehashvaluehere=="
    }
  },
  "packages": {
  }
}